
Microsoft Visual Studio Solution File, Format Version 12.00
# Visual Studio Version 16
VisualStudioVersion = 16.0.31424.327
MinimumVisualStudioVersion = 10.0.40219.1
Project("{FAE04EC0-301F-11D3-BF4B-00C04F79EFBC}") = "ParlanceBackend", "ParlanceBackent\ParlanceBackend.csproj", "{DF755D06-2DCF-4D9C-8235-D9D744407DAB}"
EndProject
Global
	GlobalSection(SolutionConfigurationPlatforms) = preSolution
		Debug|Any CPU = Debug|Any CPU
		Release|Any CPU = Release|Any CPU
	EndGlobalSection
	GlobalSection(ProjectConfigurationPlatforms) = postSolution
		{DF755D06-2DCF-4D9C-8235-D9D744407DAB}.Debug|Any CPU.ActiveCfg = Debug|Any CPU
		{DF755D06-2DCF-4D9C-8235-D9D744407DAB}.Debug|Any CPU.Build.0 = Debug|Any CPU
		{DF755D06-2DCF-4D9C-8235-D9D744407DAB}.Release|Any CPU.ActiveCfg = Release|Any CPU
		{DF755D06-2DCF-4D9C-8235-D9D744407DAB}.Release|Any CPU.Build.0 = Release|Any CPU
	EndGlobalSection
	GlobalSection(SolutionProperties) = preSolution
		HideSolutionNode = FALSE
	EndGlobalSection
	GlobalSection(ExtensibilityGlobals) = postSolution
		SolutionGuid = {2F474F8B-B034-4890-BF9B-B864190D5412}
	EndGlobalSection
EndGlobal
